github.com/wrfly/ecp v0.0.0-20190321163603-bbc550e18246 h1:DZkmqllKFxC++nqcKKYZgO2U1pZJzwQw+8n7fEhOJfk=
github.com/wrfly/ecp v0.0.0-20190321163603-bbc550e18246/go.mod h1:lTrjsp9nYtempzKMd5XzGjU1MraaXFrhPTs8WhC3DFU=
github.com/wrfly/ecp v0.0.0-20190321181722-563aa2b61fa2 h1:sZ96zRMTzmnhft2+iACUlzWzF4CtlA1uTkLN7xLznOQ=
github.com/wrfly/ecp v0.0.0-20190321181722-563aa2b61fa2/go.mod h1:lTrjsp9nYtempzKMd5XzGjU1MraaXFrhPTs8WhC3DFU=
github.com/wrfly/ecp v0.1.0 h1:btwZO5LGlM5SNykaUXGkJIjwckpjPU2MjFatehSCmY8=
github.com/wrfly/ecp v0.1.0/go.mod h1:cmmFTD+MLlrDa3/EO3gjeKLKUhHiYP3cgaaJamIS1NU=
